
Microsoft Visual Studio Solution File, Format Version 12.00
# Visual Studio Version 17
VisualStudioVersion = 17.13.35818.85 d17.13
MinimumVisualStudioVersion = 10.0.40219.1
Project("{FAE04EC0-301F-11D3-BF4B-00C04F79EFBC}") = "FerdiTurnBaseGame", "FerdiTurnBaseGame\FerdiTurnBaseGame.csproj", "{7E714ED1-68AD-4ED4-BEDF-C6C2DE152E9A}"
EndProject
Global
	GlobalSection(SolutionConfigurationPlatforms) = preSolution
		Debug|Any CPU = Debug|Any CPU
		Release|Any CPU = Release|Any CPU
	EndGlobalSection
	GlobalSection(ProjectConfigurationPlatforms) = postSolution
		{7E714ED1-68AD-4ED4-BEDF-C6C2DE152E9A}.Debug|Any CPU.ActiveCfg = Debug|Any CPU
		{7E714ED1-68AD-4ED4-BEDF-C6C2DE152E9A}.Debug|Any CPU.Build.0 = Debug|Any CPU
		{7E714ED1-68AD-4ED4-BEDF-C6C2DE152E9A}.Release|Any CPU.ActiveCfg = Release|Any CPU
		{7E714ED1-68AD-4ED4-BEDF-C6C2DE152E9A}.Release|Any CPU.Build.0 = Release|Any CPU
	EndGlobalSection
	GlobalSection(SolutionProperties) = preSolution
		HideSolutionNode = FALSE
	EndGlobalSection
	GlobalSection(ExtensibilityGlobals) = postSolution
		SolutionGuid = {F7CDCA06-EF9B-4831-BCFB-5D4541D9CFDC}
	EndGlobalSection
EndGlobal
